
Microsoft Visual Studio Solution File, Format Version 12.00
# Visual Studio Version 17
VisualStudioVersion = 17.8.34316.72
MinimumVisualStudioVersion = 10.0.40219.1
Project("{FAE04EC0-301F-11D3-BF4B-00C04F79EFBC}") = "ProjetoCSharp", "ProjetoCSharp.csproj", "{3D4D2D50-E1CC-481C-8143-89C71416A1D8}"
EndProject
Global
	GlobalSection(SolutionConfigurationPlatforms) = preSolution
		Debug|Any CPU = Debug|Any CPU
		Release|Any CPU = Release|Any CPU
	EndGlobalSection
	GlobalSection(ProjectConfigurationPlatforms) = postSolution
		{3D4D2D50-E1CC-481C-8143-89C71416A1D8}.Debug|Any CPU.ActiveCfg = Debug|Any CPU
		{3D4D2D50-E1CC-481C-8143-89C71416A1D8}.Debug|Any CPU.Build.0 = Debug|Any CPU
		{3D4D2D50-E1CC-481C-8143-89C71416A1D8}.Release|Any CPU.ActiveCfg = Release|Any CPU
		{3D4D2D50-E1CC-481C-8143-89C71416A1D8}.Release|Any CPU.Build.0 = Release|Any CPU
	EndGlobalSection
	GlobalSection(SolutionProperties) = preSolution
		HideSolutionNode = FALSE
	EndGlobalSection
	GlobalSection(ExtensibilityGlobals) = postSolution
		SolutionGuid = {F38454F4-3518-4303-BA0B-26C14D5B6532}
	EndGlobalSection
EndGlobal
